
Microsoft Visual Studio Solution File, Format Version 12.00
# Visual Studio Version 17
VisualStudioVersion = 17.5.002.0
MinimumVisualStudioVersion = 10.0.40219.1
Project("{9A19103F-16F7-4668-BE54-9A1E7A4F7556}") = "CSharpGameWhile", "CSharpGameWhile.csproj", "{6B10DC39-B416-4610-9689-158768A0D5F7}"
EndProject
Global
	GlobalSection(SolutionConfigurationPlatforms) = preSolution
		Debug|Any CPU = Debug|Any CPU
		Release|Any CPU = Release|Any CPU
	EndGlobalSection
	GlobalSection(ProjectConfigurationPlatforms) = postSolution
		{6B10DC39-B416-4610-9689-158768A0D5F7}.Debug|Any CPU.ActiveCfg = Debug|Any CPU
		{6B10DC39-B416-4610-9689-158768A0D5F7}.Debug|Any CPU.Build.0 = Debug|Any CPU
		{6B10DC39-B416-4610-9689-158768A0D5F7}.Release|Any CPU.ActiveCfg = Release|Any CPU
		{6B10DC39-B416-4610-9689-158768A0D5F7}.Release|Any CPU.Build.0 = Release|Any CPU
	EndGlobalSection
	GlobalSection(SolutionProperties) = preSolution
		HideSolutionNode = FALSE
	EndGlobalSection
	GlobalSection(ExtensibilityGlobals) = postSolution
		SolutionGuid = {92D7CD3E-34C4-407A-9FF6-49FBF08D549C}
	EndGlobalSection
EndGlobal
